
Microsoft Visual Studio Solution File, Format Version 12.00
# Visual Studio Version 17
VisualStudioVersion = 17.5.002.0
MinimumVisualStudioVersion = 10.0.40219.1
Project("{9A19103F-16F7-4668-BE54-9A1E7A4F7556}") = "TeddyMVC", "TeddyMVC.csproj", "{DA243B12-EFC3-49D7-9279-41E89218EE38}"
EndProject
Global
	GlobalSection(SolutionConfigurationPlatforms) = preSolution
		Debug|Any CPU = Debug|Any CPU
		Release|Any CPU = Release|Any CPU
	EndGlobalSection
	GlobalSection(ProjectConfigurationPlatforms) = postSolution
		{DA243B12-EFC3-49D7-9279-41E89218EE38}.Debug|Any CPU.ActiveCfg = Debug|Any CPU
		{DA243B12-EFC3-49D7-9279-41E89218EE38}.Debug|Any CPU.Build.0 = Debug|Any CPU
		{DA243B12-EFC3-49D7-9279-41E89218EE38}.Release|Any CPU.ActiveCfg = Release|Any CPU
		{DA243B12-EFC3-49D7-9279-41E89218EE38}.Release|Any CPU.Build.0 = Release|Any CPU
	EndGlobalSection
	GlobalSection(SolutionProperties) = preSolution
		HideSolutionNode = FALSE
	EndGlobalSection
	GlobalSection(ExtensibilityGlobals) = postSolution
		SolutionGuid = {B0636158-8557-43D6-9422-2B9879884F95}
	EndGlobalSection
EndGlobal
